
Microsoft Visual Studio Solution File, Format Version 12.00
# Visual Studio Version 16
VisualStudioVersion = 16.0.32002.261
MinimumVisualStudioVersion = 10.0.40219.1
Project("{2150E333-8FDC-42A3-9474-1A3956D46DE8}") = "Services", "Services", "{9B606747-5D01-4BE1-B2A4-8A7A87E8999F}"
EndProject
Project("{2150E333-8FDC-42A3-9474-1A3956D46DE8}") = "Catalog", "Catalog", "{C46CAA84-B3E8-4961-B0FA-3AF8A0F6D9F5}"
EndProject
Project("{9A19103F-16F7-4668-BE54-9A1E7A4F7556}") = "Catalog.API", "Services\Catalog\Catalog.API\Catalog.API.csproj", "{BD90F079-8558-4328-9A8D-55F461B44203}"
EndProject
Project("{E53339B2-1760-4266-BCC7-CA923CBCF16C}") = "docker-compose", "docker-compose.dcproj", "{96CBA64A-C5FA-447E-8819-244E1AE8250D}"
EndProject
Project("{2150E333-8FDC-42A3-9474-1A3956D46DE8}") = "Basket", "Basket", "{1355AB4A-B67A-432A-8B3E-473C8D254902}"
EndProject
Project("{9A19103F-16F7-4668-BE54-9A1E7A4F7556}") = "Basket.API", "Services\Basket\Basket.API\Basket.API.csproj", "{A89CA96F-D324-402E-BF2B-6255F6A0C8DD}"
EndProject
Project("{2150E333-8FDC-42A3-9474-1A3956D46DE8}") = "Discount", "Discount", "{8226C93F-0DC3-44E0-8251-2F5FF6FDA85B}"
EndProject
Project("{9A19103F-16F7-4668-BE54-9A1E7A4F7556}") = "Discount.API", "Services\Discount\Discount.API\Discount.API.csproj", "{185D761D-0D2A-4C6B-916F-FF727251DB0B}"
EndProject
Project("{9A19103F-16F7-4668-BE54-9A1E7A4F7556}") = "Discount.Grpc", "Services\Discount\Discount.Grpc\Discount.Grpc.csproj", "{0B82090F-7421-4B7F-8143-B179D7ACC042}"
EndProject
Project("{2150E333-8FDC-42A3-9474-1A3956D46DE8}") = "Ordering", "Ordering", "{DAC54969-86C2-4C76-9349-30B83DCFC314}"
EndProject
Project("{9A19103F-16F7-4668-BE54-9A1E7A4F7556}") = "Ordering.API", "Services\Ordering\Ordering.API\Ordering.API.csproj", "{A33D35B9-16B8-4DDB-AC23-E4B414800D34}"
EndProject
Project("{9A19103F-16F7-4668-BE54-9A1E7A4F7556}") = "Ordering.Domain", "Services\Ordering\Ordering.Domain\Ordering.Domain.csproj", "{93B040A1-F081-4DA5-B265-4F01BC698CBB}"
EndProject
Project("{9A19103F-16F7-4668-BE54-9A1E7A4F7556}") = "Ordering.Application", "Services\Ordering\Ordering.Application\Ordering.Application.csproj", "{5C6DEE19-60BE-4D63-B65A-39DD237924B9}"
EndProject
Project("{9A19103F-16F7-4668-BE54-9A1E7A4F7556}") = "Ordering.Infrastructure", "Services\Ordering\Ordering.Infrastructure\Ordering.Infrastructure.csproj", "{03C165F9-A548-4386-B182-61DAB45C34B1}"
EndProject
Project("{2150E333-8FDC-42A3-9474-1A3956D46DE8}") = "BuildingBlocks", "BuildingBlocks", "{B314921E-65BD-4E5F-BA89-0F3FD04C24E7}"
EndProject
Project("{9A19103F-16F7-4668-BE54-9A1E7A4F7556}") = "EventBus.Messages", "BuildingBlocks\EventBus.Messages\EventBus.Messages.csproj", "{869FE875-4351-4317-9BE2-2A9A0C7263C2}"
EndProject
Project("{2150E333-8FDC-42A3-9474-1A3956D46DE8}") = "ApiGateways", "ApiGateways", "{459C8CD4-B967-4D80-8945-4A1E0088DBA8}"
EndProject
Project("{9A19103F-16F7-4668-BE54-9A1E7A4F7556}") = "OcelotApiGw", "ApiGateways\OcelotApiGw\OcelotApiGw.csproj", "{5BBA7C4B-FCA1-4284-A9BB-678C3BFFC635}"
EndProject
Project("{FAE04EC0-301F-11D3-BF4B-00C04F79EFBC}") = "Shopping.Aggregator", "ApiGateways\Shopping.Aggregator\Shopping.Aggregator.csproj", "{B0AB40DE-2A3E-4A06-9A94-295323A388CF}"
EndProject
Project("{2150E333-8FDC-42A3-9474-1A3956D46DE8}") = "WebApps", "WebApps", "{62363D05-364E-46E1-BB20-8EE184BF03F1}"
EndProject
Project("{9A19103F-16F7-4668-BE54-9A1E7A4F7556}") = "AspnetRunBasics", "WebApps\AspnetRunBasics\AspnetRunBasics.csproj", "{870C936C-4CB4-47A4-86A9-8A77D9EDFCA9}"
EndProject
Global
	GlobalSection(SolutionConfigurationPlatforms) = preSolution
		Debug|Any CPU = Debug|Any CPU
		Release|Any CPU = Release|Any CPU
	EndGlobalSection
	GlobalSection(ProjectConfigurationPlatforms) = postSolution
		{BD90F079-8558-4328-9A8D-55F461B44203}.Debug|Any CPU.ActiveCfg = Debug|Any CPU
		{BD90F079-8558-4328-9A8D-55F461B44203}.Debug|Any CPU.Build.0 = Debug|Any CPU
		{BD90F079-8558-4328-9A8D-55F461B44203}.Release|Any CPU.ActiveCfg = Release|Any CPU
		{BD90F079-8558-4328-9A8D-55F461B44203}.Release|Any CPU.Build.0 = Release|Any CPU
		{96CBA64A-C5FA-447E-8819-244E1AE8250D}.Debug|Any CPU.ActiveCfg = Debug|Any CPU
		{96CBA64A-C5FA-447E-8819-244E1AE8250D}.Debug|Any CPU.Build.0 = Debug|Any CPU
		{96CBA64A-C5FA-447E-8819-244E1AE8250D}.Release|Any CPU.ActiveCfg = Release|Any CPU
		{96CBA64A-C5FA-447E-8819-244E1AE8250D}.Release|Any CPU.Build.0 = Release|Any CPU
		{A89CA96F-D324-402E-BF2B-6255F6A0C8DD}.Debug|Any CPU.ActiveCfg = Debug|Any CPU
		{A89CA96F-D324-402E-BF2B-6255F6A0C8DD}.Debug|Any CPU.Build.0 = Debug|Any CPU
		{A89CA96F-D324-402E-BF2B-6255F6A0C8DD}.Release|Any CPU.ActiveCfg = Release|Any CPU
		{A89CA96F-D324-402E-BF2B-6255F6A0C8DD}.Release|Any CPU.Build.0 = Release|Any CPU
		{185D761D-0D2A-4C6B-916F-FF727251DB0B}.Debug|Any CPU.ActiveCfg = Debug|Any CPU
		{185D761D-0D2A-4C6B-916F-FF727251DB0B}.Debug|Any CPU.Build.0 = Debug|Any CPU
		{185D761D-0D2A-4C6B-916F-FF727251DB0B}.Release|Any CPU.ActiveCfg = Release|Any CPU
		{185D761D-0D2A-4C6B-916F-FF727251DB0B}.Release|Any CPU.Build.0 = Release|Any CPU
		{0B82090F-7421-4B7F-8143-B179D7ACC042}.Debug|Any CPU.ActiveCfg = Debug|Any CPU
		{0B82090F-7421-4B7F-8143-B179D7ACC042}.Debug|Any CPU.Build.0 = Debug|Any CPU
		{0B82090F-7421-4B7F-8143-B179D7ACC042}.Release|Any CPU.ActiveCfg = Release|Any CPU
		{0B82090F-7421-4B7F-8143-B179D7ACC042}.Release|Any CPU.Build.0 = Release|Any CPU
		{A33D35B9-16B8-4DDB-AC23-E4B414800D34}.Debug|Any CPU.ActiveCfg = Debug|Any CPU
		{A33D35B9-16B8-4DDB-AC23-E4B414800D34}.Debug|Any CPU.Build.0 = Debug|Any CPU
		{A33D35B9-16B8-4DDB-AC23-E4B414800D34}.Release|Any CPU.ActiveCfg = Release|Any CPU
		{A33D35B9-16B8-4DDB-AC23-E4B414800D34}.Release|Any CPU.Build.0 = Release|Any CPU
		{93B040A1-F081-4DA5-B265-4F01BC698CBB}.Debug|Any CPU.ActiveCfg = Debug|Any CPU
		{93B040A1-F081-4DA5-B265-4F01BC698CBB}.Debug|Any CPU.Build.0 = Debug|Any CPU
		{93B040A1-F081-4DA5-B265-4F01BC698CBB}.Release|Any CPU.ActiveCfg = Release|Any CPU
		{93B040A1-F081-4DA5-B265-4F01BC698CBB}.Release|Any CPU.Build.0 = Release|Any CPU
		{5C6DEE19-60BE-4D63-B65A-39DD237924B9}.Debug|Any CPU.ActiveCfg = Debug|Any CPU
		{5C6DEE19-60BE-4D63-B65A-39DD237924B9}.Debug|Any CPU.Build.0 = Debug|Any CPU
		{5C6DEE19-60BE-4D63-B65A-39DD237924B9}.Release|Any CPU.ActiveCfg = Release|Any CPU
		{5C6DEE19-60BE-4D63-B65A-39DD237924B9}.Release|Any CPU.Build.0 = Release|Any CPU
		{03C165F9-A548-4386-B182-61DAB45C34B1}.Debug|Any CPU.ActiveCfg = Debug|Any CPU
		{03C165F9-A548-4386-B182-61DAB45C34B1}.Debug|Any CPU.Build.0 = Debug|Any CPU
		{03C165F9-A548-4386-B182-61DAB45C34B1}.Release|Any CPU.ActiveCfg = Release|Any CPU
		{03C165F9-A548-4386-B182-61DAB45C34B1}.Release|Any CPU.Build.0 = Release|Any CPU
		{869FE875-4351-4317-9BE2-2A9A0C7263C2}.Debug|Any CPU.ActiveCfg = Debug|Any CPU
		{869FE875-4351-4317-9BE2-2A9A0C7263C2}.Debug|Any CPU.Build.0 = Debug|Any CPU
		{869FE875-4351-4317-9BE2-2A9A0C7263C2}.Release|Any CPU.ActiveCfg = Release|Any CPU
		{869FE875-4351-4317-9BE2-2A9A0C7263C2}.Release|Any CPU.Build.0 = Release|Any CPU
		{5BBA7C4B-FCA1-4284-A9BB-678C3BFFC635}.Debug|Any CPU.ActiveCfg = Debug|Any CPU
		{5BBA7C4B-FCA1-4284-A9BB-678C3BFFC635}.Debug|Any CPU.Build.0 = Debug|Any CPU
		{5BBA7C4B-FCA1-4284-A9BB-678C3BFFC635}.Release|Any CPU.ActiveCfg = Release|Any CPU
		{5BBA7C4B-FCA1-4284-A9BB-678C3BFFC635}.Release|Any CPU.Build.0 = Release|Any CPU
		{B0AB40DE-2A3E-4A06-9A94-295323A388CF}.Debug|Any CPU.ActiveCfg = Debug|Any CPU
		{B0AB40DE-2A3E-4A06-9A94-295323A388CF}.Debug|Any CPU.Build.0 = Debug|Any CPU
		{B0AB40DE-2A3E-4A06-9A94-295323A388CF}.Release|Any CPU.ActiveCfg = Release|Any CPU
		{B0AB40DE-2A3E-4A06-9A94-295323A388CF}.Release|Any CPU.Build.0 = Release|Any CPU
		{870C936C-4CB4-47A4-86A9-8A77D9EDFCA9}.Debug|Any CPU.ActiveCfg = Debug|Any CPU
		{870C936C-4CB4-47A4-86A9-8A77D9EDFCA9}.Debug|Any CPU.Build.0 = Debug|Any CPU
		{870C936C-4CB4-47A4-86A9-8A77D9EDFCA9}.Release|Any CPU.ActiveCfg = Release|Any CPU
		{870C936C-4CB4-47A4-86A9-8A77D9EDFCA9}.Release|Any CPU.Build.0 = Release|Any CPU
	EndGlobalSection
	GlobalSection(SolutionProperties) = preSolution
		HideSolutionNode = FALSE
	EndGlobalSection
	GlobalSection(NestedProjects) = preSolution
		{C46CAA84-B3E8-4961-B0FA-3AF8A0F6D9F5} = {9B606747-5D01-4BE1-B2A4-8A7A87E8999F}
		{BD90F079-8558-4328-9A8D-55F461B44203} = {C46CAA84-B3E8-4961-B0FA-3AF8A0F6D9F5}
		{1355AB4A-B67A-432A-8B3E-473C8D254902} = {9B606747-5D01-4BE1-B2A4-8A7A87E8999F}
		{A89CA96F-D324-402E-BF2B-6255F6A0C8DD} = {1355AB4A-B67A-432A-8B3E-473C8D254902}
		{8226C93F-0DC3-44E0-8251-2F5FF6FDA85B} = {9B606747-5D01-4BE1-B2A4-8A7A87E8999F}
		{185D761D-0D2A-4C6B-916F-FF727251DB0B} = {8226C93F-0DC3-44E0-8251-2F5FF6FDA85B}
		{0B82090F-7421-4B7F-8143-B179D7ACC042} = {8226C93F-0DC3-44E0-8251-2F5FF6FDA85B}
		{DAC54969-86C2-4C76-9349-30B83DCFC314} = {9B606747-5D01-4BE1-B2A4-8A7A87E8999F}
		{A33D35B9-16B8-4DDB-AC23-E4B414800D34} = {DAC54969-86C2-4C76-9349-30B83DCFC314}
		{93B040A1-F081-4DA5-B265-4F01BC698CBB} = {DAC54969-86C2-4C76-9349-30B83DCFC314}
		{5C6DEE19-60BE-4D63-B65A-39DD237924B9} = {DAC54969-86C2-4C76-9349-30B83DCFC314}
		{03C165F9-A548-4386-B182-61DAB45C34B1} = {DAC54969-86C2-4C76-9349-30B83DCFC314}
		{869FE875-4351-4317-9BE2-2A9A0C7263C2} = {B314921E-65BD-4E5F-BA89-0F3FD04C24E7}
		{5BBA7C4B-FCA1-4284-A9BB-678C3BFFC635} = {459C8CD4-B967-4D80-8945-4A1E0088DBA8}
		{B0AB40DE-2A3E-4A06-9A94-295323A388CF} = {459C8CD4-B967-4D80-8945-4A1E0088DBA8}
		{870C936C-4CB4-47A4-86A9-8A77D9EDFCA9} = {62363D05-364E-46E1-BB20-8EE184BF03F1}
	EndGlobalSection
	GlobalSection(ExtensibilityGlobals) = postSolution
		SolutionGuid = {33152529-A63F-41C6-820F-CB2CA54EB693}
	EndGlobalSection
EndGlobal
